
Microsoft Visual Studio Solution File, Format Version 12.00
# Visual Studio Version 17
VisualStudioVersion = 17.2.32616.157
MinimumVisualStudioVersion = 10.0.40219.1
Project("{FAE04EC0-301F-11D3-BF4B-00C04F79EFBC}") = "ForEachScopeProblem", "ForEachScopeProblem\ForEachScopeProblem.csproj", "{69CDD8EE-842E-4C2D-B70B-20542494D3D2}"
EndProject
Global
	GlobalSection(SolutionConfigurationPlatforms) = preSolution
		Debug|Any CPU = Debug|Any CPU
		Release|Any CPU = Release|Any CPU
	EndGlobalSection
	GlobalSection(ProjectConfigurationPlatforms) = postSolution
		{69CDD8EE-842E-4C2D-B70B-20542494D3D2}.Debug|Any CPU.ActiveCfg = Debug|Any CPU
		{69CDD8EE-842E-4C2D-B70B-20542494D3D2}.Debug|Any CPU.Build.0 = Debug|Any CPU
		{69CDD8EE-842E-4C2D-B70B-20542494D3D2}.Release|Any CPU.ActiveCfg = Release|Any CPU
		{69CDD8EE-842E-4C2D-B70B-20542494D3D2}.Release|Any CPU.Build.0 = Release|Any CPU
	EndGlobalSection
	GlobalSection(SolutionProperties) = preSolution
		HideSolutionNode = FALSE
	EndGlobalSection
	GlobalSection(ExtensibilityGlobals) = postSolution
		SolutionGuid = {8A183BA7-48A1-4D93-A759-137D7451D730}
	EndGlobalSection
EndGlobal
